
Microsoft Visual Studio Solution File, Format Version 12.00
# Visual Studio Version 17
VisualStudioVersion = 17.5.002.0
MinimumVisualStudioVersion = 10.0.40219.1
Project("{9A19103F-16F7-4668-BE54-9A1E7A4F7556}") = "pwa-trabalho-sga", "pwa-trabalho-sga.csproj", "{05784850-A6E3-4F3F-8AA9-5EA3F8A3873F}"
EndProject
Global
	GlobalSection(SolutionConfigurationPlatforms) = preSolution
		Debug|Any CPU = Debug|Any CPU
		Release|Any CPU = Release|Any CPU
	EndGlobalSection
	GlobalSection(ProjectConfigurationPlatforms) = postSolution
		{05784850-A6E3-4F3F-8AA9-5EA3F8A3873F}.Debug|Any CPU.ActiveCfg = Debug|Any CPU
		{05784850-A6E3-4F3F-8AA9-5EA3F8A3873F}.Debug|Any CPU.Build.0 = Debug|Any CPU
		{05784850-A6E3-4F3F-8AA9-5EA3F8A3873F}.Release|Any CPU.ActiveCfg = Release|Any CPU
		{05784850-A6E3-4F3F-8AA9-5EA3F8A3873F}.Release|Any CPU.Build.0 = Release|Any CPU
	EndGlobalSection
	GlobalSection(SolutionProperties) = preSolution
		HideSolutionNode = FALSE
	EndGlobalSection
	GlobalSection(ExtensibilityGlobals) = postSolution
		SolutionGuid = {F63DB47B-3D09-4D82-98E3-3CC925A51C35}
	EndGlobalSection
EndGlobal
